{
  "name": "dsh-exit-on-close",
  "version": "0.1.0",
  "lockfileVersion": 3,
  "requires": true,
  "packages": {
    "": {
      "name": "dsh-exit-on-close",
      "version": "0.1.0",
      "license": "MIT",
      "engines": {
        "node": ">=20"
      },
      "optionalDependencies": {
        "@koromix/koffi-win32-x64": "^3.1.1"
      }
    },
    "node_modules/@koromix/koffi-win32-x64": {
      "version": "3.3.2",
      "resolved": "https://registry.npmjs.org/@koromix/koffi-win32-x64/-/koffi-win32-x64-3.3.2.tgz",
      "integrity": "sha512-OWc6s6gziEabkQj+xc+ZNaf5g69hc/DQJLBcmbhxJAifAdXDgj9vB5d8hcjS2mTHjBeAIqQ4nkd9d/Jc7OUuHw==",
      "cpu": [
        "x64"
      ],
      "license": "MIT",
      "optional": true,
      "os": [
        "win32"
      ],
      "funding": {
        "url": "https://liberapay.com/Koromix"
      }
    }
  }
}
